// !$*UTF8*$!
{
	archiveVersion = 1;
	classes = {
	};
	objectVersion = 50;
	objects = {

/* Begin PBXBuildFile section */
		B2FEC135248AECC500A9A18F /* AppDelegate.swift in Sources */ = {isa = PBXBuildFile; fileRef = B2FEC134248AECC500A9A18F /* AppDelegate.swift */; };
		B2FEC137248AECC500A9A18F /* SceneDelegate.swift in Sources */ = {isa = PBXBuildFile; fileRef = B2FEC136248AECC500A9A18F /* SceneDelegate.swift */; };
		B2FEC139248AECC500A9A18F /* FirstViewController.swift in Sources */ = {isa = PBXBuildFile; fileRef = B2FEC138248AECC500A9A18F /* FirstViewController.swift */; };
		B2FEC13C248AECC500A9A18F /* Main.storyboard in Resources */ = {isa = PBXBuildFile; fileRef = B2FEC13A248AECC500A9A18F /* Main.storyboard */; };
		B2FEC13E248AECC600A9A18F /* Assets.xcassets in Resources */ = {isa = PBXBuildFile; fileRef = B2FEC13D248AECC600A9A18F /* Assets.xcassets */; };
		B2FEC141248AECC600A9A18F /* LaunchScreen.storyboard in Resources */ = {isa = PBXBuildFile; fileRef = B2FEC13F248AECC600A9A18F /* LaunchScreen.storyboard */; };
		B2FEC149248AEF2400A9A18F /* SecondViewController.swift in Sources */ = {isa = PBXBuildFile; fileRef = B2FEC148248AEF2400A9A18F /* SecondViewController.swift */; };
		B2FEC16B248B1E0A00A9A18F /* ThirdViewController.swift in Sources */ = {isa = PBXBuildFile; fileRef = B2FEC16A248B1E0A00A9A18F /* ThirdViewController.swift */; };
		B2FEC16D248B200800A9A18F /* FourthViewController.swift in Sources */ = {isa = PBXBuildFile; fileRef = B2FEC16C248B200800A9A18F /* FourthViewController.swift */; };
/* End PBXBuildFile section */

/* Begin PBXFileReference section */
		B2FEC131248AECC500A9A18F /* bourse.app */ = {isa = PBXFileReference; explicitFileType = wrapper.application; includeInIndex = 0; path = bourse.app; sourceTree = BUILT_PRODUCTS_DIR; };
		B2FEC134248AECC500A9A18F /* AppDelegate.swift */ = {isa = PBXFileReference; lastKnownFileType = sourcecode.swift; path = AppDelegate.swift; sourceTree = "<group>"; };
		B2FEC136248AECC500A9A18F /* SceneDelegate.swift */ = {isa = PBXFileReference; lastKnownFileType = sourcecode.swift; path = SceneDelegate.swift; sourceTree = "<group>"; };
		B2FEC138248AECC500A9A18F /* FirstViewController.swift */ = {isa = PBXFileReference; lastKnownFileType = sourcecode.swift; path = FirstViewController.swift; sourceTree = "<group>"; };
		B2FEC13B248AECC500A9A18F /* Base */ = {isa = PBXFileReference; lastKnownFileType = file.storyboard; name = Base; path = Base.lproj/Main.storyboard; sourceTree = "<group>"; };
		B2FEC13D248AECC600A9A18F /* Assets.xcassets */ = {isa = PBXFileReference; lastKnownFileType = folder.assetcatalog; path = Assets.xcassets; sourceTree = "<group>"; };
		B2FEC140248AECC600A9A18F /* Base */ = {isa = PBXFileReference; lastKnownFileType = file.storyboard; name = Base; path = Base.lproj/LaunchScreen.storyboard; sourceTree = "<group>"; };
		B2FEC142248AECC600A9A18F /* Info.plist */ = {isa = PBXFileReference; lastKnownFileType = text.plist.xml; path = Info.plist; sourceTree = "<group>"; };
		B2FEC148248AEF2400A9A18F /* SecondViewController.swift */ = {isa = PBXFileReference; lastKnownFileType = sourcecode.swift; path = SecondViewController.swift; sourceTree = "<group>"; };
		B2FEC16A248B1E0A00A9A18F /* ThirdViewController.swift */ = {isa = PBXFileReference; lastKnownFileType = sourcecode.swift; path = ThirdViewController.swift; sourceTree = "<group>"; };
		B2FEC16C248B200800A9A18F /* FourthViewController.swift */ = {isa = PBXFileReference; lastKnownFileType = sourcecode.swift; path = FourthViewController.swift; sourceTree = "<group>"; };
/* End PBXFileReference section */

/* Begin PBXFrameworksBuildPhase section */
		B2FEC12E248AECC500A9A18F /* Frameworks */ = {
			isa = PBXFrameworksBuildPhase;
			buildActionMask = 2147483647;
			files = (
			);
			runOnlyForDeploymentPostprocessing = 0;
		};
/* End PBXFrameworksBuildPhase section */

/* Begin PBXGroup section */
		B2FEC128248AECC500A9A18F = {
			isa = PBXGroup;
			children = (
				B2FEC133248AECC500A9A18F /* bourse */,
				B2FEC132248AECC500A9A18F /* Products */,
			);
			sourceTree = "<group>";
		};
		B2FEC132248AECC500A9A18F /* Products */ = {
			isa = PBXGroup;
			children = (
				B2FEC131248AECC500A9A18F /* bourse.app */,
			);
			name = Products;
			sourceTree = "<group>";
		};
		B2FEC133248AECC500A9A18F /* bourse */ = {
			isa = PBXGroup;
			children = (
				B2FEC134248AECC500A9A18F /* AppDelegate.swift */,
				B2FEC136248AECC500A9A18F /* SceneDelegate.swift */,
				B2FEC138248AECC500A9A18F /* FirstViewController.swift */,
				B2FEC16A248B1E0A00A9A18F /* ThirdViewController.swift */,
				B2FEC16C248B200800A9A18F /* FourthViewController.swift */,
				B2FEC148248AEF2400A9A18F /* SecondViewController.swift */,
				B2FEC13A248AECC500A9A18F /* Main.storyboard */,
				B2FEC13D248AECC600A9A18F /* Assets.xcassets */,
				B2FEC13F248AECC600A9A18F /* LaunchScreen.storyboard */,
				B2FEC142248AECC600A9A18F /* Info.plist */,
			);
			path = bourse;
			sourceTree = "<group>";
		};
/* End PBXGroup section */

/* Begin PBXNativeTarget section */
		B2FEC130248AECC500A9A18F /* bourse */ = {
			isa = PBXNativeTarget;
			buildConfigurationList = B2FEC145248AECC600A9A18F /* Build configuration list for PBXNativeTarget "bourse" */;
			buildPhases = (
				B2FEC12D248AECC500A9A18F /* Sources */,
				B2FEC12E248AECC500A9A18F /* Frameworks */,
				B2FEC12F248AECC500A9A18F /* Resources */,
			);
			buildRules = (
			);
			dependencies = (
			);
			name = bourse;
			productName = bourse;
			productReference = B2FEC131248AECC500A9A18F /* bourse.app */;
			productType = "com.apple.product-type.application";
		};
/* End PBXNativeTarget section */

/* Begin PBXProject section */
		B2FEC129248AECC500A9A18F /* Project object */ = {
			isa = PBXProject;
			attributes = {
				LastSwiftUpdateCheck = 1140;
				LastUpgradeCheck = 1140;
				ORGANIZATIONNAME = "Mario Perozo";
				TargetAttributes = {
					B2FEC130248AECC500A9A18F = {
						CreatedOnToolsVersion = 11.4.1;
					};
				};
			};
			buildConfigurationList = B2FEC12C248AECC500A9A18F /* Build configuration list for PBXProject "bourse" */;
			compatibilityVersion = "Xcode 9.3";
			developmentRegion = en;
			hasScannedForEncodings = 0;
			knownRegions = (
				en,
				Base,
			);
			mainGroup = B2FEC128248AECC500A9A18F;
			productRefGroup = B2FEC132248AECC500A9A18F /* Products */;
			projectDirPath = "";
			projectRoot = "";
			targets = (
				B2FEC130248AECC500A9A18F /* bourse */,
			);
		};
/* End PBXProject section */

/* Begin PBXResourcesBuildPhase section */
		B2FEC12F248AECC500A9A18F /* Resources */ = {
			isa = PBXResourcesBuildPhase;
			buildActionMask = 2147483647;
			files = (
				B2FEC141248AECC600A9A18F /* LaunchScreen.storyboard in Resources */,
				B2FEC13E248AECC600A9A18F /* Assets.xcassets in Resources */,
				B2FEC13C248AECC500A9A18F /* Main.storyboard in Resources */,
			);
			runOnlyForDeploymentPostprocessing = 0;
		};
/* End PBXResourcesBuildPhase section */

/* Begin PBXSourcesBuildPhase section */
		B2FEC12D248AECC500A9A18F /* Sources */ = {
			isa = PBXSourcesBuildPhase;
			buildActionMask = 2147483647;
			files = (
				B2FEC16D248B200800A9A18F /* FourthViewController.swift in Sources */,
				B2FEC149248AEF2400A9A18F /* SecondViewController.swift in Sources */,
				B2FEC139248AECC500A9A18F /* FirstViewController.swift in Sources */,
				B2FEC16B248B1E0A00A9A18F /* ThirdViewController.swift in Sources */,
				B2FEC135248AECC500A9A18F /* AppDelegate.swift in Sources */,
				B2FEC137248AECC500A9A18F /* SceneDelegate.swift in Sources */,
			);
			runOnlyForDeploymentPostprocessing = 0;
		};
/* End PBXSourcesBuildPhase section */

/* Begin PBXVariantGroup section */
		B2FEC13A248AECC500A9A18F /* Main.storyboard */ = {
			isa = PBXVariantGroup;
			children = (
				B2FEC13B248AECC500A9A18F /* Base */,
			);
			name = Main.storyboard;
			sourceTree = "<group>";
		};
		B2FEC13F248AECC600A9A18F /* LaunchScreen.storyboard */ = {
			isa = PBXVariantGroup;
			children = (
				B2FEC140248AECC600A9A18F /* Base */,
			);
			name = LaunchScreen.storyboard;
			sourceTree = "<group>";
		};
/* End PBXVariantGroup section */

/* Begin XCBuildConfiguration section */
		B2FEC143248AECC600A9A18F /* Debug */ = {
			isa = XCBuildConfiguration;
			buildSettings = {
				ALWAYS_SEARCH_USER_PATHS = NO;
				CLANG_ANALYZER_NONNULL = YES;
				CLANG_ANALYZER_NUMBER_OBJECT_CONVERSION = YES_AGGRESSIVE;
				CLANG_CXX_LANGUAGE_STANDARD = "gnu++14";
				CLANG_CXX_LIBRARY = "libc++";
				CLANG_ENABLE_MODULES = YES;
				CLANG_ENABLE_OBJC_ARC = YES;
				CLANG_ENABLE_OBJC_WEAK = YES;
				CLANG_WARN_BLOCK_CAPTURE_AUTORELEASING = YES;
				CLANG_WARN_BOOL_CONVERSION = YES;
				CLANG_WARN_COMMA = YES;
				CLANG_WARN_CONSTANT_CONVERSION = YES;
				CLANG_WARN_DEPRECATED_OBJC_IMPLEMENTATIONS = YES;
				CLANG_WARN_DIRECT_OBJC_ISA_USAGE = YES_ERROR;
				CLANG_WARN_DOCUMENTATION_COMMENTS = YES;
				CLANG_WARN_EMPTY_BODY = YES;
				CLANG_WARN_ENUM_CONVERSION = YES;
				CLANG_WARN_INFINITE_RECURSION = YES;
				CLANG_WARN_INT_CONVERSION = YES;
				CLANG_WARN_NON_LITERAL_NULL_CONVERSION = YES;
				CLANG_WARN_OBJC_IMPLICIT_RETAIN_SELF = YES;
				CLANG_WARN_OBJC_LITERAL_CONVERSION = YES;
				CLANG_WARN_OBJC_ROOT_CLASS = YES_ERROR;
				CLANG_WARN_RANGE_LOOP_ANALYSIS = YES;
				CLANG_WARN_STRICT_PROTOTYPES = YES;
				CLANG_WARN_SUSPICIOUS_MOVE = YES;
				CLANG_WARN_UNGUARDED_AVAILABILITY = YES_AGGRESSIVE;
				CLANG_WARN_UNREACHABLE_CODE = YES;
				CLANG_WARN__DUPLICATE_METHOD_MATCH = YES;
				COPY_PHASE_STRIP = NO;
				DEBUG_INFORMATION_FORMAT = dwarf;
				ENABLE_STRICT_OBJC_MSGSEND = YES;
				ENABLE_TESTABILITY = YES;
				GCC_C_LANGUAGE_STANDARD = gnu11;
				GCC_DYNAMIC_NO_PIC = NO;
				GCC_NO_COMMON_BLOCKS = YES;
				GCC_OPTIMIZATION_LEVEL = 0;
				GCC_PREPROCESSOR_DEFINITIONS = (
					"DEBUG=1",
					"$(inherited)",
				);
				GCC_WARN_64_TO_32_BIT_CONVERSION = YES;
				GCC_WARN_ABOUT_RETURN_TYPE = YES_ERROR;
				GCC_WARN_UNDECLARED_SELECTOR = YES;
				GCC_WARN_UNINITIALIZED_AUTOS = YES_AGGRESSIVE;
				GCC_WARN_UNUSED_FUNCTION = YES;
				GCC_WARN_UNUSED_VARIABLE = YES;
				IPHONEOS_DEPLOYMENT_TARGET = 13.4;
				MTL_ENABLE_DEBUG_INFO = INCLUDE_SOURCE;
				MTL_FAST_MATH = YES;
				ONLY_ACTIVE_ARCH = YES;
				SDKROOT = iphoneos;
				SWIFT_ACTIVE_COMPILATION_CONDITIONS = DEBUG;
				SWIFT_OPTIMIZATION_LEVEL = "-Onone";
			};
			name = Debug;
		};
		B2FEC144248AECC600A9A18F /* Release */ = {
			isa = XCBuildConfiguration;
			buildSettings = {
				ALWAYS_SEARCH_USER_PATHS = NO;
				CLANG_ANALYZER_NONNULL = YES;
				CLANG_ANALYZER_NUMBER_OBJECT_CONVERSION = YES_AGGRESSIVE;
				CLANG_CXX_LANGUAGE_STANDARD = "gnu++14";
				CLANG_CXX_LIBRARY = "libc++";
				CLANG_ENABLE_MODULES = YES;
				CLANG_ENABLE_OBJC_ARC = YES;
				CLANG_ENABLE_OBJC_WEAK = YES;
				CLANG_WARN_BLOCK_CAPTURE_AUTORELEASING = YES;
				CLANG_WARN_BOOL_CONVERSION = YES;
				CLANG_WARN_COMMA = YES;
				CLANG_WARN_CONSTANT_CONVERSION = YES;
				CLANG_WARN_DEPRECATED_OBJC_IMPLEMENTATIONS = YES;
				CLANG_WARN_DIRECT_OBJC_ISA_USAGE = YES_ERROR;
				CLANG_WARN_DOCUMENTATION_COMMENTS = YES;
				CLANG_WARN_EMPTY_BODY = YES;
				CLANG_WARN_ENUM_CONVERSION = YES;
				CLANG_WARN_INFINITE_RECURSION = YES;
				CLANG_WARN_INT_CONVERSION = YES;
				CLANG_WARN_NON_LITERAL_NULL_CONVERSION = YES;
				CLANG_WARN_OBJC_IMPLICIT_RETAIN_SELF = YES;
				CLANG_WARN_OBJC_LITERAL_CONVERSION = YES;
				CLANG_WARN_OBJC_ROOT_CLASS = YES_ERROR;
				CLANG_WARN_RANGE_LOOP_ANALYSIS = YES;
				CLANG_WARN_STRICT_PROTOTYPES = YES;
				CLANG_WARN_SUSPICIOUS_MOVE = YES;
				CLANG_WARN_UNGUARDED_AVAILABILITY = YES_AGGRESSIVE;
				CLANG_WARN_UNREACHABLE_CODE = YES;
				CLANG_WARN__DUPLICATE_METHOD_MATCH = YES;
				COPY_PHASE_STRIP = NO;
				DEBUG_INFORMATION_FORMAT = "dwarf-with-dsym";
				ENABLE_NS_ASSERTIONS = NO;
				ENABLE_STRICT_OBJC_MSGSEND = YES;
				GCC_C_LANGUAGE_STANDARD = gnu11;
				GCC_NO_COMMON_BLOCKS = YES;
				GCC_WARN_64_TO_32_BIT_CONVERSION = YES;
				GCC_WARN_ABOUT_RETURN_TYPE = YES_ERROR;
				GCC_WARN_UNDECLARED_SELECTOR = YES;
				GCC_WARN_UNINITIALIZED_AUTOS = YES_AGGRESSIVE;
				GCC_WARN_UNUSED_FUNCTION = YES;
				GCC_WARN_UNUSED_VARIABLE = YES;
				IPHONEOS_DEPLOYMENT_TARGET = 13.4;
				MTL_ENABLE_DEBUG_INFO = NO;
				MTL_FAST_MATH = YES;
				SDKROOT = iphoneos;
				SWIFT_COMPILATION_MODE = wholemodule;
				SWIFT_OPTIMIZATION_LEVEL = "-O";
				VALIDATE_PRODUCT = YES;
			};
			name = Release;
		};
		B2FEC146248AECC600A9A18F /* Debug */ = {
			isa = XCBuildConfiguration;
			buildSettings = {
				ASSETCATALOG_COMPILER_APPICON_NAME = AppIcon;
				CODE_SIGN_STYLE = Automatic;
				DEVELOPMENT_TEAM = R6T7RY86SY;
				INFOPLIST_FILE = bourse/Info.plist;
				LD_RUNPATH_SEARCH_PATHS = (
					"$(inherited)",
					"@executable_path/Frameworks",
				);
				PRODUCT_BUNDLE_IDENTIFIER = com.patatech.bourse;
				PRODUCT_NAME = "$(TARGET_NAME)";
				SWIFT_VERSION = 5.0;
				TARGETED_DEVICE_FAMILY = "1,2";
			};
			name = Debug;
		};
		B2FEC147248AECC600A9A18F /* Release */ = {
			isa = XCBuildConfiguration;
			buildSettings = {
				ASSETCATALOG_COMPILER_APPICON_NAME = AppIcon;
				CODE_SIGN_STYLE = Automatic;
				DEVELOPMENT_TEAM = R6T7RY86SY;
				INFOPLIST_FILE = bourse/Info.plist;
				LD_RUNPATH_SEARCH_PATHS = (
					"$(inherited)",
					"@executable_path/Frameworks",
				);
				PRODUCT_BUNDLE_IDENTIFIER = com.patatech.bourse;
				PRODUCT_NAME = "$(TARGET_NAME)";
				SWIFT_VERSION = 5.0;
				TARGETED_DEVICE_FAMILY = "1,2";
			};
			name = Release;
		};
/* End XCBuildConfiguration section */

/* Begin XCConfigurationList section */
		B2FEC12C248AECC500A9A18F /* Build configuration list for PBXProject "bourse" */ = {
			isa = XCConfigurationList;
			buildConfigurations = (
				B2FEC143248AECC600A9A18F /* Debug */,
				B2FEC144248AECC600A9A18F /* Release */,
			);
			defaultConfigurationIsVisible = 0;
			defaultConfigurationName = Release;
		};
		B2FEC145248AECC600A9A18F /* Build configuration list for PBXNativeTarget "bourse" */ = {
			isa = XCConfigurationList;
			buildConfigurations = (
				B2FEC146248AECC600A9A18F /* Debug */,
				B2FEC147248AECC600A9A18F /* Release */,
			);
			defaultConfigurationIsVisible = 0;
			defaultConfigurationName = Release;
		};
/* End XCConfigurationList section */
	};
	rootObject = B2FEC129248AECC500A9A18F /* Project object */;
}
